
Microsoft Visual Studio Solution File, Format Version 12.00
# Visual Studio Version 17
VisualStudioVersion = 17.5.33424.131
MinimumVisualStudioVersion = 10.0.40219.1
Project("{FAE04EC0-301F-11D3-BF4B-00C04F79EFBC}") = "TodoList.Api", "TodoList.Api\TodoList.Api.csproj", "{F45DE74A-424D-4C42-ADFE-7473975A4C5C}"
EndProject
Global
	GlobalSection(SolutionConfigurationPlatforms) = preSolution
		Debug|Any CPU = Debug|Any CPU
		Release|Any CPU = Release|Any CPU
	EndGlobalSection
	GlobalSection(ProjectConfigurationPlatforms) = postSolution
		{F45DE74A-424D-4C42-ADFE-7473975A4C5C}.Debug|Any CPU.ActiveCfg = Debug|Any CPU
		{F45DE74A-424D-4C42-ADFE-7473975A4C5C}.Debug|Any CPU.Build.0 = Debug|Any CPU
		{F45DE74A-424D-4C42-ADFE-7473975A4C5C}.Release|Any CPU.ActiveCfg = Release|Any CPU
		{F45DE74A-424D-4C42-ADFE-7473975A4C5C}.Release|Any CPU.Build.0 = Release|Any CPU
	EndGlobalSection
	GlobalSection(SolutionProperties) = preSolution
		HideSolutionNode = FALSE
	EndGlobalSection
	GlobalSection(ExtensibilityGlobals) = postSolution
		SolutionGuid = {1CB963B8-2648-4162-AAD8-F5ACE2DC446A}
	EndGlobalSection
EndGlobal
